
Microsoft Visual Studio Solution File, Format Version 12.00
# Visual Studio Version 16
VisualStudioVersion = 16.0.34931.43
MinimumVisualStudioVersion = 10.0.40219.1
Project("{FAE04EC0-301F-11D3-BF4B-00C04F79EFBC}") = "ConsoleApp1", "ConsoleApp1.csproj", "{99AF8E46-5339-491A-8F02-74DD1F762546}"
EndProject
Global
	GlobalSection(SolutionConfigurationPlatforms) = preSolution
		Debug|Any CPU = Debug|Any CPU
		Release|Any CPU = Release|Any CPU
	EndGlobalSection
	GlobalSection(ProjectConfigurationPlatforms) = postSolution
		{99AF8E46-5339-491A-8F02-74DD1F762546}.Debug|Any CPU.ActiveCfg = Debug|Any CPU
		{99AF8E46-5339-491A-8F02-74DD1F762546}.Debug|Any CPU.Build.0 = Debug|Any CPU
		{99AF8E46-5339-491A-8F02-74DD1F762546}.Release|Any CPU.ActiveCfg = Release|Any CPU
		{99AF8E46-5339-491A-8F02-74DD1F762546}.Release|Any CPU.Build.0 = Release|Any CPU
	EndGlobalSection
	GlobalSection(SolutionProperties) = preSolution
		HideSolutionNode = FALSE
	EndGlobalSection
	GlobalSection(ExtensibilityGlobals) = postSolution
		SolutionGuid = {6D53E881-9C61-42F3-8593-E396199FD37D}
	EndGlobalSection
EndGlobal
